
Microsoft Visual Studio Solution File, Format Version 12.00
# Visual Studio Version 16
VisualStudioVersion = 16.0.30711.63
MinimumVisualStudioVersion = 10.0.40219.1
Project("{FAE04EC0-301F-11D3-BF4B-00C04F79EFBC}") = "EasySaveV2", "EasySaveV2\EasySaveV2.csproj", "{6996AAFB-F083-4D0B-8C9F-046BEE4FB82A}"
EndProject
Global
	GlobalSection(SolutionConfigurationPlatforms) = preSolution
		Debug|Any CPU = Debug|Any CPU
		Release|Any CPU = Release|Any CPU
	EndGlobalSection
	GlobalSection(ProjectConfigurationPlatforms) = postSolution
		{6996AAFB-F083-4D0B-8C9F-046BEE4FB82A}.Debug|Any CPU.ActiveCfg = Debug|Any CPU
		{6996AAFB-F083-4D0B-8C9F-046BEE4FB82A}.Debug|Any CPU.Build.0 = Debug|Any CPU
		{6996AAFB-F083-4D0B-8C9F-046BEE4FB82A}.Release|Any CPU.ActiveCfg = Release|Any CPU
		{6996AAFB-F083-4D0B-8C9F-046BEE4FB82A}.Release|Any CPU.Build.0 = Release|Any CPU
	EndGlobalSection
	GlobalSection(SolutionProperties) = preSolution
		HideSolutionNode = FALSE
	EndGlobalSection
	GlobalSection(ExtensibilityGlobals) = postSolution
		SolutionGuid = {D523B1F3-A3B5-4D8F-91F0-47557A121F59}
	EndGlobalSection
EndGlobal
