
Microsoft Visual Studio Solution File, Format Version 12.00
# Visual Studio Version 16
VisualStudioVersion = 16.0.30711.63
MinimumVisualStudioVersion = 10.0.40219.1
Project("{FAE04EC0-301F-11D3-BF4B-00C04F79EFBC}") = "CryptoSoft", "CryptoSoft\CryptoSoft.csproj", "{C883F776-9576-4403-9678-3379ED4E417F}"
EndProject
Global
	GlobalSection(SolutionConfigurationPlatforms) = preSolution
		Debug|Any CPU = Debug|Any CPU
		Release|Any CPU = Release|Any CPU
	EndGlobalSection
	GlobalSection(ProjectConfigurationPlatforms) = postSolution
		{C883F776-9576-4403-9678-3379ED4E417F}.Debug|Any CPU.ActiveCfg = Debug|Any CPU
		{C883F776-9576-4403-9678-3379ED4E417F}.Debug|Any CPU.Build.0 = Debug|Any CPU
		{C883F776-9576-4403-9678-3379ED4E417F}.Release|Any CPU.ActiveCfg = Release|Any CPU
		{C883F776-9576-4403-9678-3379ED4E417F}.Release|Any CPU.Build.0 = Release|Any CPU
	EndGlobalSection
	GlobalSection(SolutionProperties) = preSolution
		HideSolutionNode = FALSE
	EndGlobalSection
	GlobalSection(ExtensibilityGlobals) = postSolution
		SolutionGuid = {F9E4D6E8-0130-4B4E-A8B3-E727AFCA15DE}
	EndGlobalSection
EndGlobal
